// !$*UTF8*$!
{
	archiveVersion = 1;
	classes = {
	};
	objectVersion = 50;
	objects = {

/* Begin PBXBuildFile section */
		33458D0025460AE800088CAA /* Record.swift in Sources */ = {isa = PBXBuildFile; fileRef = 33458CFF25460AE800088CAA /* Record.swift */; };
		33458D042546106A00088CAA /* RecordCaretaker.swift in Sources */ = {isa = PBXBuildFile; fileRef = 33458D032546106A00088CAA /* RecordCaretaker.swift */; };
		334D1A4525432D7D005C6841 /* AppDelegate.swift in Sources */ = {isa = PBXBuildFile; fileRef = 334D1A4425432D7D005C6841 /* AppDelegate.swift */; };
		334D1A4925432D7D005C6841 /* MainViewController.swift in Sources */ = {isa = PBXBuildFile; fileRef = 334D1A4825432D7D005C6841 /* MainViewController.swift */; };
		334D1A4C25432D7D005C6841 /* Main.storyboard in Resources */ = {isa = PBXBuildFile; fileRef = 334D1A4A25432D7D005C6841 /* Main.storyboard */; };
		334D1A4E25432D7D005C6841 /* Assets.xcassets in Resources */ = {isa = PBXBuildFile; fileRef = 334D1A4D25432D7D005C6841 /* Assets.xcassets */; };
		334D1A5125432D7D005C6841 /* LaunchScreen.storyboard in Resources */ = {isa = PBXBuildFile; fileRef = 334D1A4F25432D7D005C6841 /* LaunchScreen.storyboard */; };
		336E51FC2544D9CC000E0DB7 /* Question.swift in Sources */ = {isa = PBXBuildFile; fileRef = 336E51FB2544D9CC000E0DB7 /* Question.swift */; };
		336E52002544DCAD000E0DB7 /* Game.swift in Sources */ = {isa = PBXBuildFile; fileRef = 336E51FF2544DCAD000E0DB7 /* Game.swift */; };
		336E52032544DCB6000E0DB7 /* GameSession.swift in Sources */ = {isa = PBXBuildFile; fileRef = 336E52022544DCB6000E0DB7 /* GameSession.swift */; };
		336E52062544DD0F000E0DB7 /* GameViewController.swift in Sources */ = {isa = PBXBuildFile; fileRef = 336E52052544DD0F000E0DB7 /* GameViewController.swift */; };
		33AA7DD02546041100E5C740 /* ResultViewController.swift in Sources */ = {isa = PBXBuildFile; fileRef = 33AA7DCF2546041100E5C740 /* ResultViewController.swift */; };
		33AA7DD72546078400E5C740 /* ResultTableViewCell.swift in Sources */ = {isa = PBXBuildFile; fileRef = 33AA7DD52546078400E5C740 /* ResultTableViewCell.swift */; };
		33AA7DD82546078400E5C740 /* ResultTableViewCell.xib in Resources */ = {isa = PBXBuildFile; fileRef = 33AA7DD62546078400E5C740 /* ResultTableViewCell.xib */; };
		33AB786D2548B9C400EB8326 /* Questions.json in Resources */ = {isa = PBXBuildFile; fileRef = 33AB786C2548B9C400EB8326 /* Questions.json */; };
		33AB78722548BBF500EB8326 /* QuestionService.swift in Sources */ = {isa = PBXBuildFile; fileRef = 33AB78712548BBF500EB8326 /* QuestionService.swift */; };
/* End PBXBuildFile section */

/* Begin PBXFileReference section */
		33458CFF25460AE800088CAA /* Record.swift */ = {isa = PBXFileReference; lastKnownFileType = sourcecode.swift; path = Record.swift; sourceTree = "<group>"; };
		33458D032546106A00088CAA /* RecordCaretaker.swift */ = {isa = PBXFileReference; lastKnownFileType = sourcecode.swift; path = RecordCaretaker.swift; sourceTree = "<group>"; };
		334D1A4125432D7D005C6841 /* Millionare.app */ = {isa = PBXFileReference; explicitFileType = wrapper.application; includeInIndex = 0; path = Millionare.app; sourceTree = BUILT_PRODUCTS_DIR; };
		334D1A4425432D7D005C6841 /* AppDelegate.swift */ = {isa = PBXFileReference; lastKnownFileType = sourcecode.swift; path = AppDelegate.swift; sourceTree = "<group>"; };
		334D1A4825432D7D005C6841 /* MainViewController.swift */ = {isa = PBXFileReference; lastKnownFileType = sourcecode.swift; path = MainViewController.swift; sourceTree = "<group>"; };
		334D1A4B25432D7D005C6841 /* Base */ = {isa = PBXFileReference; lastKnownFileType = file.storyboard; name = Base; path = Base.lproj/Main.storyboard; sourceTree = "<group>"; };
		334D1A4D25432D7D005C6841 /* Assets.xcassets */ = {isa = PBXFileReference; lastKnownFileType = folder.assetcatalog; path = Assets.xcassets; sourceTree = "<group>"; };
		334D1A5025432D7D005C6841 /* Base */ = {isa = PBXFileReference; lastKnownFileType = file.storyboard; name = Base; path = Base.lproj/LaunchScreen.storyboard; sourceTree = "<group>"; };
		334D1A5225432D7D005C6841 /* Info.plist */ = {isa = PBXFileReference; lastKnownFileType = text.plist.xml; path = Info.plist; sourceTree = "<group>"; };
		336E51FB2544D9CC000E0DB7 /* Question.swift */ = {isa = PBXFileReference; lastKnownFileType = sourcecode.swift; path = Question.swift; sourceTree = "<group>"; };
		336E51FF2544DCAD000E0DB7 /* Game.swift */ = {isa = PBXFileReference; lastKnownFileType = sourcecode.swift; path = Game.swift; sourceTree = "<group>"; };
		336E52022544DCB6000E0DB7 /* GameSession.swift */ = {isa = PBXFileReference; lastKnownFileType = sourcecode.swift; path = GameSession.swift; sourceTree = "<group>"; };
		336E52052544DD0F000E0DB7 /* GameViewController.swift */ = {isa = PBXFileReference; lastKnownFileType = sourcecode.swift; path = GameViewController.swift; sourceTree = "<group>"; };
		33AA7DCF2546041100E5C740 /* ResultViewController.swift */ = {isa = PBXFileReference; lastKnownFileType = sourcecode.swift; path = ResultViewController.swift; sourceTree = "<group>"; };
		33AA7DD52546078400E5C740 /* ResultTableViewCell.swift */ = {isa = PBXFileReference; lastKnownFileType = sourcecode.swift; path = ResultTableViewCell.swift; sourceTree = "<group>"; };
		33AA7DD62546078400E5C740 /* ResultTableViewCell.xib */ = {isa = PBXFileReference; lastKnownFileType = file.xib; path = ResultTableViewCell.xib; sourceTree = "<group>"; };
		33AB786C2548B9C400EB8326 /* Questions.json */ = {isa = PBXFileReference; lastKnownFileType = text.json; path = Questions.json; sourceTree = "<group>"; };
		33AB78712548BBF500EB8326 /* QuestionService.swift */ = {isa = PBXFileReference; lastKnownFileType = sourcecode.swift; path = QuestionService.swift; sourceTree = "<group>"; };
/* End PBXFileReference section */

/* Begin PBXFrameworksBuildPhase section */
		334D1A3E25432D7D005C6841 /* Frameworks */ = {
			isa = PBXFrameworksBuildPhase;
			buildActionMask = 2147483647;
			files = (
			);
			runOnlyForDeploymentPostprocessing = 0;
		};
/* End PBXFrameworksBuildPhase section */

/* Begin PBXGroup section */
		33458D022546105200088CAA /* Memento */ = {
			isa = PBXGroup;
			children = (
				33458D032546106A00088CAA /* RecordCaretaker.swift */,
			);
			path = Memento;
			sourceTree = "<group>";
		};
		334D1A3825432D7D005C6841 = {
			isa = PBXGroup;
			children = (
				334D1A4325432D7D005C6841 /* Millionare */,
				334D1A4225432D7D005C6841 /* Products */,
			);
			sourceTree = "<group>";
		};
		334D1A4225432D7D005C6841 /* Products */ = {
			isa = PBXGroup;
			children = (
				334D1A4125432D7D005C6841 /* Millionare.app */,
			);
			name = Products;
			sourceTree = "<group>";
		};
		334D1A4325432D7D005C6841 /* Millionare */ = {
			isa = PBXGroup;
			children = (
				3376F65E2548C48000CD059A /* Strategy */,
				334D1A4D25432D7D005C6841 /* Assets.xcassets */,
				334D1A5225432D7D005C6841 /* Info.plist */,
				334D1A4425432D7D005C6841 /* AppDelegate.swift */,
				33458D022546105200088CAA /* Memento */,
				33AA7DD22546062100E5C740 /* ViewControllers */,
				334D1A4A25432D7D005C6841 /* Main.storyboard */,
				334D1A4F25432D7D005C6841 /* LaunchScreen.storyboard */,
				33AB786B2548B98500EB8326 /* Data */,
				33AB78702548BBD000EB8326 /* Service */,
				336E51FA2544D9C0000E0DB7 /* Models */,
			);
			path = Millionare;
			sourceTree = "<group>";
		};
		336E51FA2544D9C0000E0DB7 /* Models */ = {
			isa = PBXGroup;
			children = (
				336E51FB2544D9CC000E0DB7 /* Question.swift */,
				33458CFF25460AE800088CAA /* Record.swift */,
				336E51FF2544DCAD000E0DB7 /* Game.swift */,
				336E52022544DCB6000E0DB7 /* GameSession.swift */,
			);
			path = Models;
			sourceTree = "<group>";
		};
		3376F65E2548C48000CD059A /* Strategy */ = {
			isa = PBXGroup;
			children = (
				3376F65F2548C48900CD059A /* StrategyQuestion */,
			);
			path = Strategy;
			sourceTree = "<group>";
		};
		3376F65F2548C48900CD059A /* StrategyQuestion */ = {
			isa = PBXGroup;
			children = (
			);
			path = StrategyQuestion;
			sourceTree = "<group>";
		};
		33AA7DD22546062100E5C740 /* ViewControllers */ = {
			isa = PBXGroup;
			children = (
				334D1A4825432D7D005C6841 /* MainViewController.swift */,
				336E52052544DD0F000E0DB7 /* GameViewController.swift */,
				33AA7DCF2546041100E5C740 /* ResultViewController.swift */,
				33AA7DDA2546078800E5C740 /* Cell */,
			);
			path = ViewControllers;
			sourceTree = "<group>";
		};
		33AA7DDA2546078800E5C740 /* Cell */ = {
			isa = PBXGroup;
			children = (
				33AA7DD52546078400E5C740 /* ResultTableViewCell.swift */,
				33AA7DD62546078400E5C740 /* ResultTableViewCell.xib */,
			);
			path = Cell;
			sourceTree = "<group>";
		};
		33AB786B2548B98500EB8326 /* Data */ = {
			isa = PBXGroup;
			children = (
				33AB786C2548B9C400EB8326 /* Questions.json */,
			);
			path = Data;
			sourceTree = "<group>";
		};
		33AB78702548BBD000EB8326 /* Service */ = {
			isa = PBXGroup;
			children = (
				33AB78712548BBF500EB8326 /* QuestionService.swift */,
			);
			path = Service;
			sourceTree = "<group>";
		};
/* End PBXGroup section */

/* Begin PBXNativeTarget section */
		334D1A4025432D7D005C6841 /* Millionare */ = {
			isa = PBXNativeTarget;
			buildConfigurationList = 334D1A5525432D7D005C6841 /* Build configuration list for PBXNativeTarget "Millionare" */;
			buildPhases = (
				334D1A3D25432D7D005C6841 /* Sources */,
				334D1A3E25432D7D005C6841 /* Frameworks */,
				334D1A3F25432D7D005C6841 /* Resources */,
			);
			buildRules = (
			);
			dependencies = (
			);
			name = Millionare;
			productName = Millionare;
			productReference = 334D1A4125432D7D005C6841 /* Millionare.app */;
			productType = "com.apple.product-type.application";
		};
/* End PBXNativeTarget section */

/* Begin PBXProject section */
		334D1A3925432D7D005C6841 /* Project object */ = {
			isa = PBXProject;
			attributes = {
				LastSwiftUpdateCheck = 1210;
				LastUpgradeCheck = 1210;
				TargetAttributes = {
					334D1A4025432D7D005C6841 = {
						CreatedOnToolsVersion = 12.1;
					};
				};
			};
			buildConfigurationList = 334D1A3C25432D7D005C6841 /* Build configuration list for PBXProject "Millionare" */;
			compatibilityVersion = "Xcode 9.3";
			developmentRegion = en;
			hasScannedForEncodings = 0;
			knownRegions = (
				en,
				Base,
			);
			mainGroup = 334D1A3825432D7D005C6841;
			productRefGroup = 334D1A4225432D7D005C6841 /* Products */;
			projectDirPath = "";
			projectRoot = "";
			targets = (
				334D1A4025432D7D005C6841 /* Millionare */,
			);
		};
/* End PBXProject section */

/* Begin PBXResourcesBuildPhase section */
		334D1A3F25432D7D005C6841 /* Resources */ = {
			isa = PBXResourcesBuildPhase;
			buildActionMask = 2147483647;
			files = (
				33AB786D2548B9C400EB8326 /* Questions.json in Resources */,
				334D1A5125432D7D005C6841 /* LaunchScreen.storyboard in Resources */,
				334D1A4E25432D7D005C6841 /* Assets.xcassets in Resources */,
				33AA7DD82546078400E5C740 /* ResultTableViewCell.xib in Resources */,
				334D1A4C25432D7D005C6841 /* Main.storyboard in Resources */,
			);
			runOnlyForDeploymentPostprocessing = 0;
		};
/* End PBXResourcesBuildPhase section */

/* Begin PBXSourcesBuildPhase section */
		334D1A3D25432D7D005C6841 /* Sources */ = {
			isa = PBXSourcesBuildPhase;
			buildActionMask = 2147483647;
			files = (
				336E51FC2544D9CC000E0DB7 /* Question.swift in Sources */,
				334D1A4925432D7D005C6841 /* MainViewController.swift in Sources */,
				33458D0025460AE800088CAA /* Record.swift in Sources */,
				33AA7DD02546041100E5C740 /* ResultViewController.swift in Sources */,
				336E52032544DCB6000E0DB7 /* GameSession.swift in Sources */,
				33458D042546106A00088CAA /* RecordCaretaker.swift in Sources */,
				334D1A4525432D7D005C6841 /* AppDelegate.swift in Sources */,
				33AB78722548BBF500EB8326 /* QuestionService.swift in Sources */,
				336E52062544DD0F000E0DB7 /* GameViewController.swift in Sources */,
				33AA7DD72546078400E5C740 /* ResultTableViewCell.swift in Sources */,
				336E52002544DCAD000E0DB7 /* Game.swift in Sources */,
			);
			runOnlyForDeploymentPostprocessing = 0;
		};
/* End PBXSourcesBuildPhase section */

/* Begin PBXVariantGroup section */
		334D1A4A25432D7D005C6841 /* Main.storyboard */ = {
			isa = PBXVariantGroup;
			children = (
				334D1A4B25432D7D005C6841 /* Base */,
			);
			name = Main.storyboard;
			sourceTree = "<group>";
		};
		334D1A4F25432D7D005C6841 /* LaunchScreen.storyboard */ = {
			isa = PBXVariantGroup;
			children = (
				334D1A5025432D7D005C6841 /* Base */,
			);
			name = LaunchScreen.storyboard;
			sourceTree = "<group>";
		};
/* End PBXVariantGroup section */

/* Begin XCBuildConfiguration section */
		334D1A5325432D7D005C6841 /* Debug */ = {
			isa = XCBuildConfiguration;
			buildSettings = {
				ALWAYS_SEARCH_USER_PATHS = NO;
				CLANG_ANALYZER_NONNULL = YES;
				CLANG_ANALYZER_NUMBER_OBJECT_CONVERSION = YES_AGGRESSIVE;
				CLANG_CXX_LANGUAGE_STANDARD = "gnu++14";
				CLANG_CXX_LIBRARY = "libc++";
				CLANG_ENABLE_MODULES = YES;
				CLANG_ENABLE_OBJC_ARC = YES;
				CLANG_ENABLE_OBJC_WEAK = YES;
				CLANG_WARN_BLOCK_CAPTURE_AUTORELEASING = YES;
				CLANG_WARN_BOOL_CONVERSION = YES;
				CLANG_WARN_COMMA = YES;
				CLANG_WARN_CONSTANT_CONVERSION = YES;
				CLANG_WARN_DEPRECATED_OBJC_IMPLEMENTATIONS = YES;
				CLANG_WARN_DIRECT_OBJC_ISA_USAGE = YES_ERROR;
				CLANG_WARN_DOCUMENTATION_COMMENTS = YES;
				CLANG_WARN_EMPTY_BODY = YES;
				CLANG_WARN_ENUM_CONVERSION = YES;
				CLANG_WARN_INFINITE_RECURSION = YES;
				CLANG_WARN_INT_CONVERSION = YES;
				CLANG_WARN_NON_LITERAL_NULL_CONVERSION = YES;
				CLANG_WARN_OBJC_IMPLICIT_RETAIN_SELF = YES;
				CLANG_WARN_OBJC_LITERAL_CONVERSION = YES;
				CLANG_WARN_OBJC_ROOT_CLASS = YES_ERROR;
				CLANG_WARN_QUOTED_INCLUDE_IN_FRAMEWORK_HEADER = YES;
				CLANG_WARN_RANGE_LOOP_ANALYSIS = YES;
				CLANG_WARN_STRICT_PROTOTYPES = YES;
				CLANG_WARN_SUSPICIOUS_MOVE = YES;
				CLANG_WARN_UNGUARDED_AVAILABILITY = YES_AGGRESSIVE;
				CLANG_WARN_UNREACHABLE_CODE = YES;
				CLANG_WARN__DUPLICATE_METHOD_MATCH = YES;
				COPY_PHASE_STRIP = NO;
				DEBUG_INFORMATION_FORMAT = dwarf;
				ENABLE_STRICT_OBJC_MSGSEND = YES;
				ENABLE_TESTABILITY = YES;
				GCC_C_LANGUAGE_STANDARD = gnu11;
				GCC_DYNAMIC_NO_PIC = NO;
				GCC_NO_COMMON_BLOCKS = YES;
				GCC_OPTIMIZATION_LEVEL = 0;
				GCC_PREPROCESSOR_DEFINITIONS = (
					"DEBUG=1",
					"$(inherited)",
				);
				GCC_WARN_64_TO_32_BIT_CONVERSION = YES;
				GCC_WARN_ABOUT_RETURN_TYPE = YES_ERROR;
				GCC_WARN_UNDECLARED_SELECTOR = YES;
				GCC_WARN_UNINITIALIZED_AUTOS = YES_AGGRESSIVE;
				GCC_WARN_UNUSED_FUNCTION = YES;
				GCC_WARN_UNUSED_VARIABLE = YES;
				IPHONEOS_DEPLOYMENT_TARGET = 14.1;
				MTL_ENABLE_DEBUG_INFO = INCLUDE_SOURCE;
				MTL_FAST_MATH = YES;
				ONLY_ACTIVE_ARCH = YES;
				SDKROOT = iphoneos;
				SWIFT_ACTIVE_COMPILATION_CONDITIONS = DEBUG;
				SWIFT_OPTIMIZATION_LEVEL = "-Onone";
			};
			name = Debug;
		};
		334D1A5425432D7D005C6841 /* Release */ = {
			isa = XCBuildConfiguration;
			buildSettings = {
				ALWAYS_SEARCH_USER_PATHS = NO;
				CLANG_ANALYZER_NONNULL = YES;
				CLANG_ANALYZER_NUMBER_OBJECT_CONVERSION = YES_AGGRESSIVE;
				CLANG_CXX_LANGUAGE_STANDARD = "gnu++14";
				CLANG_CXX_LIBRARY = "libc++";
				CLANG_ENABLE_MODULES = YES;
				CLANG_ENABLE_OBJC_ARC = YES;
				CLANG_ENABLE_OBJC_WEAK = YES;
				CLANG_WARN_BLOCK_CAPTURE_AUTORELEASING = YES;
				CLANG_WARN_BOOL_CONVERSION = YES;
				CLANG_WARN_COMMA = YES;
				CLANG_WARN_CONSTANT_CONVERSION = YES;
				CLANG_WARN_DEPRECATED_OBJC_IMPLEMENTATIONS = YES;
				CLANG_WARN_DIRECT_OBJC_ISA_USAGE = YES_ERROR;
				CLANG_WARN_DOCUMENTATION_COMMENTS = YES;
				CLANG_WARN_EMPTY_BODY = YES;
				CLANG_WARN_ENUM_CONVERSION = YES;
				CLANG_WARN_INFINITE_RECURSION = YES;
				CLANG_WARN_INT_CONVERSION = YES;
				CLANG_WARN_NON_LITERAL_NULL_CONVERSION = YES;
				CLANG_WARN_OBJC_IMPLICIT_RETAIN_SELF = YES;
				CLANG_WARN_OBJC_LITERAL_CONVERSION = YES;
				CLANG_WARN_OBJC_ROOT_CLASS = YES_ERROR;
				CLANG_WARN_QUOTED_INCLUDE_IN_FRAMEWORK_HEADER = YES;
				CLANG_WARN_RANGE_LOOP_ANALYSIS = YES;
				CLANG_WARN_STRICT_PROTOTYPES = YES;
				CLANG_WARN_SUSPICIOUS_MOVE = YES;
				CLANG_WARN_UNGUARDED_AVAILABILITY = YES_AGGRESSIVE;
				CLANG_WARN_UNREACHABLE_CODE = YES;
				CLANG_WARN__DUPLICATE_METHOD_MATCH = YES;
				COPY_PHASE_STRIP = NO;
				DEBUG_INFORMATION_FORMAT = "dwarf-with-dsym";
				ENABLE_NS_ASSERTIONS = NO;
				ENABLE_STRICT_OBJC_MSGSEND = YES;
				GCC_C_LANGUAGE_STANDARD = gnu11;
				GCC_NO_COMMON_BLOCKS = YES;
				GCC_WARN_64_TO_32_BIT_CONVERSION = YES;
				GCC_WARN_ABOUT_RETURN_TYPE = YES_ERROR;
				GCC_WARN_UNDECLARED_SELECTOR = YES;
				GCC_WARN_UNINITIALIZED_AUTOS = YES_AGGRESSIVE;
				GCC_WARN_UNUSED_FUNCTION = YES;
				GCC_WARN_UNUSED_VARIABLE = YES;
				IPHONEOS_DEPLOYMENT_TARGET = 14.1;
				MTL_ENABLE_DEBUG_INFO = NO;
				MTL_FAST_MATH = YES;
				SDKROOT = iphoneos;
				SWIFT_COMPILATION_MODE = wholemodule;
				SWIFT_OPTIMIZATION_LEVEL = "-O";
				VALIDATE_PRODUCT = YES;
			};
			name = Release;
		};
		334D1A5625432D7D005C6841 /* Debug */ = {
			isa = XCBuildConfiguration;
			buildSettings = {
				ASSETCATALOG_COMPILER_APPICON_NAME = AppIcon;
				ASSETCATALOG_COMPILER_GLOBAL_ACCENT_COLOR_NAME = AccentColor;
				CODE_SIGN_STYLE = Automatic;
				DEVELOPMENT_TEAM = LA6FA5G5XC;
				INFOPLIST_FILE = Millionare/Info.plist;
				LD_RUNPATH_SEARCH_PATHS = (
					"$(inherited)",
					"@executable_path/Frameworks",
				);
				PRODUCT_BUNDLE_IDENTIFIER = Aksilont.Millionare;
				PRODUCT_NAME = "$(TARGET_NAME)";
				SWIFT_VERSION = 5.0;
				TARGETED_DEVICE_FAMILY = "1,2";
			};
			name = Debug;
		};
		334D1A5725432D7D005C6841 /* Release */ = {
			isa = XCBuildConfiguration;
			buildSettings = {
				ASSETCATALOG_COMPILER_APPICON_NAME = AppIcon;
				ASSETCATALOG_COMPILER_GLOBAL_ACCENT_COLOR_NAME = AccentColor;
				CODE_SIGN_STYLE = Automatic;
				DEVELOPMENT_TEAM = LA6FA5G5XC;
				INFOPLIST_FILE = Millionare/Info.plist;
				LD_RUNPATH_SEARCH_PATHS = (
					"$(inherited)",
					"@executable_path/Frameworks",
				);
				PRODUCT_BUNDLE_IDENTIFIER = Aksilont.Millionare;
				PRODUCT_NAME = "$(TARGET_NAME)";
				SWIFT_VERSION = 5.0;
				TARGETED_DEVICE_FAMILY = "1,2";
			};
			name = Release;
		};
/* End XCBuildConfiguration section */

/* Begin XCConfigurationList section */
		334D1A3C25432D7D005C6841 /* Build configuration list for PBXProject "Millionare" */ = {
			isa = XCConfigurationList;
			buildConfigurations = (
				334D1A5325432D7D005C6841 /* Debug */,
				334D1A5425432D7D005C6841 /* Release */,
			);
			defaultConfigurationIsVisible = 0;
			defaultConfigurationName = Release;
		};
		334D1A5525432D7D005C6841 /* Build configuration list for PBXNativeTarget "Millionare" */ = {
			isa = XCConfigurationList;
			buildConfigurations = (
				334D1A5625432D7D005C6841 /* Debug */,
				334D1A5725432D7D005C6841 /* Release */,
			);
			defaultConfigurationIsVisible = 0;
			defaultConfigurationName = Release;
		};
/* End XCConfigurationList section */
	};
	rootObject = 334D1A3925432D7D005C6841 /* Project object */;
}
